// !$*UTF8*$!
{
	archiveVersion = 1;
	classes = {
	};
	objectVersion = 50;
	objects = {

/* Begin PBXBuildFile section */
		1C4A6A970960BC2659C2657B /* Pods_iJustSpentTests.framework in Frameworks */ = {isa = PBXBuildFile; fileRef = F645F351F5020195871A071E /* Pods_iJustSpentTests.framework */; };
		A6F55F5600921EF643EF8413 /* Pods_iJustSpent.framework in Frameworks */ = {isa = PBXBuildFile; fileRef = D46B9BC8C36E9180704B3026 /* Pods_iJustSpent.framework */; };
		C81F15DA22807AF000DF5CEE /* CombinedViewController.swift in Sources */ = {isa = PBXBuildFile; fileRef = C81F15D922807AF000DF5CEE /* CombinedViewController.swift */; };
		C81F15DC22807C4E00DF5CEE /* PickerViewViewAdapter.swift in Sources */ = {isa = PBXBuildFile; fileRef = C81F15DB22807C4E00DF5CEE /* PickerViewViewAdapter.swift */; };
		C856811822748C8A00FEA8E3 /* HistoryTableViewCell2.swift in Sources */ = {isa = PBXBuildFile; fileRef = C856811722748C8A00FEA8E3 /* HistoryTableViewCell2.swift */; };
		C863C24422733AFD00A6555E /* HistoryController.swift in Sources */ = {isa = PBXBuildFile; fileRef = C863C24322733AFD00A6555E /* HistoryController.swift */; };
		C863C24822738AAD00A6555E /* Errors.swift in Sources */ = {isa = PBXBuildFile; fileRef = C863C24722738AAD00A6555E /* Errors.swift */; };
		C86D49812281DD2F007E2C9D /* CombinedTableViewCell.swift in Sources */ = {isa = PBXBuildFile; fileRef = C86D49802281DD2F007E2C9D /* CombinedTableViewCell.swift */; };
		C894F3132271EA5800D357CF /* EntryController.swift in Sources */ = {isa = PBXBuildFile; fileRef = C894F3122271EA5700D357CF /* EntryController.swift */; };
		C897BE072266301300296B1F /* Notes.rtf in Resources */ = {isa = PBXBuildFile; fileRef = C897BE062266301300296B1F /* Notes.rtf */; };
		C897BE0922663B9700296B1F /* DataStore.swift in Sources */ = {isa = PBXBuildFile; fileRef = C897BE0822663B9700296B1F /* DataStore.swift */; };
		C897EBCA2268AE0D00628B7E /* HistoryView.swift in Sources */ = {isa = PBXBuildFile; fileRef = C897EBC92268AE0D00628B7E /* HistoryView.swift */; };
		C89B3CF52282E9670009C60E /* spendStore.swift in Sources */ = {isa = PBXBuildFile; fileRef = C89B3CF42282E9670009C60E /* spendStore.swift */; };
		C8E4D85D225CC48B00C69682 /* AppDelegate.swift in Sources */ = {isa = PBXBuildFile; fileRef = C8E4D85C225CC48B00C69682 /* AppDelegate.swift */; };
		C8E4D85F225CC48B00C69682 /* EntryView.swift in Sources */ = {isa = PBXBuildFile; fileRef = C8E4D85E225CC48B00C69682 /* EntryView.swift */; };
		C8E4D862225CC48B00C69682 /* Main.storyboard in Resources */ = {isa = PBXBuildFile; fileRef = C8E4D860225CC48B00C69682 /* Main.storyboard */; };
		C8E4D865225CC48B00C69682 /* iJustSpent.xcdatamodeld in Sources */ = {isa = PBXBuildFile; fileRef = C8E4D863225CC48B00C69682 /* iJustSpent.xcdatamodeld */; };
		C8E4D867225CC48F00C69682 /* Assets.xcassets in Resources */ = {isa = PBXBuildFile; fileRef = C8E4D866225CC48F00C69682 /* Assets.xcassets */; };
		C8E4D86A225CC48F00C69682 /* LaunchScreen.storyboard in Resources */ = {isa = PBXBuildFile; fileRef = C8E4D868225CC48F00C69682 /* LaunchScreen.storyboard */; };
		C8E4D875225CC48F00C69682 /* dataStoreTests.swift in Sources */ = {isa = PBXBuildFile; fileRef = C8E4D874225CC48F00C69682 /* dataStoreTests.swift */; };
		C8E4D880225CC48F00C69682 /* iJustSpentUITests.swift in Sources */ = {isa = PBXBuildFile; fileRef = C8E4D87F225CC48F00C69682 /* iJustSpentUITests.swift */; };
		C8E4D88E225CDBEA00C69682 /* InputCell.swift in Sources */ = {isa = PBXBuildFile; fileRef = C8E4D88D225CDBEA00C69682 /* InputCell.swift */; };
/* End PBXBuildFile section */

/* Begin PBXContainerItemProxy section */
		C8E4D871225CC48F00C69682 /* PBXContainerItemProxy */ = {
			isa = PBXContainerItemProxy;
			containerPortal = C8E4D851225CC48B00C69682 /* Project object */;
			proxyType = 1;
			remoteGlobalIDString = C8E4D858225CC48B00C69682;
			remoteInfo = iJustSpent;
		};
		C8E4D87C225CC48F00C69682 /* PBXContainerItemProxy */ = {
			isa = PBXContainerItemProxy;
			containerPortal = C8E4D851225CC48B00C69682 /* Project object */;
			proxyType = 1;
			remoteGlobalIDString = C8E4D858225CC48B00C69682;
			remoteInfo = iJustSpent;
		};
/* End PBXContainerItemProxy section */

/* Begin PBXFileReference section */
		4E0EA09423C1C847343D7310 /* Pods-iJustSpentTests.release.xcconfig */ = {isa = PBXFileReference; includeInIndex = 1; lastKnownFileType = text.xcconfig; name = "Pods-iJustSpentTests.release.xcconfig"; path = "Pods/Target Support Files/Pods-iJustSpentTests/Pods-iJustSpentTests.release.xcconfig"; sourceTree = "<group>"; };
		8177AE74647544BC6F1DAB7F /* Pods-iJustSpent.release.xcconfig */ = {isa = PBXFileReference; includeInIndex = 1; lastKnownFileType = text.xcconfig; name = "Pods-iJustSpent.release.xcconfig"; path = "Pods/Target Support Files/Pods-iJustSpent/Pods-iJustSpent.release.xcconfig"; sourceTree = "<group>"; };
		C81F15D922807AF000DF5CEE /* CombinedViewController.swift */ = {isa = PBXFileReference; lastKnownFileType = sourcecode.swift; path = CombinedViewController.swift; sourceTree = "<group>"; };
		C81F15DB22807C4E00DF5CEE /* PickerViewViewAdapter.swift */ = {isa = PBXFileReference; lastKnownFileType = sourcecode.swift; path = PickerViewViewAdapter.swift; sourceTree = "<group>"; };
		C856811722748C8A00FEA8E3 /* HistoryTableViewCell2.swift */ = {isa = PBXFileReference; lastKnownFileType = sourcecode.swift; path = HistoryTableViewCell2.swift; sourceTree = "<group>"; };
		C863C24322733AFD00A6555E /* HistoryController.swift */ = {isa = PBXFileReference; lastKnownFileType = sourcecode.swift; path = HistoryController.swift; sourceTree = "<group>"; };
		C863C24722738AAD00A6555E /* Errors.swift */ = {isa = PBXFileReference; lastKnownFileType = sourcecode.swift; path = Errors.swift; sourceTree = "<group>"; };
		C86D49802281DD2F007E2C9D /* CombinedTableViewCell.swift */ = {isa = PBXFileReference; lastKnownFileType = sourcecode.swift; path = CombinedTableViewCell.swift; sourceTree = "<group>"; };
		C894F3112270B92F00D357CF /* RxSwiftPlayground.playground */ = {isa = PBXFileReference; lastKnownFileType = file.playground; path = RxSwiftPlayground.playground; sourceTree = "<group>"; xcLanguageSpecificationIdentifier = xcode.lang.swift; };
		C894F3122271EA5700D357CF /* EntryController.swift */ = {isa = PBXFileReference; lastKnownFileType = sourcecode.swift; path = EntryController.swift; sourceTree = "<group>"; };
		C897BE062266301300296B1F /* Notes.rtf */ = {isa = PBXFileReference; lastKnownFileType = text.rtf; path = Notes.rtf; sourceTree = "<group>"; };
		C897BE0822663B9700296B1F /* DataStore.swift */ = {isa = PBXFileReference; lastKnownFileType = sourcecode.swift; path = DataStore.swift; sourceTree = "<group>"; };
		C897EBC92268AE0D00628B7E /* HistoryView.swift */ = {isa = PBXFileReference; lastKnownFileType = sourcecode.swift; path = HistoryView.swift; sourceTree = "<group>"; };
		C89B3CF42282E9670009C60E /* spendStore.swift */ = {isa = PBXFileReference; lastKnownFileType = sourcecode.swift; path = spendStore.swift; sourceTree = "<group>"; };
		C8E4D859225CC48B00C69682 /* iJustSpent.app */ = {isa = PBXFileReference; explicitFileType = wrapper.application; includeInIndex = 0; path = iJustSpent.app; sourceTree = BUILT_PRODUCTS_DIR; };
		C8E4D85C225CC48B00C69682 /* AppDelegate.swift */ = {isa = PBXFileReference; lastKnownFileType = sourcecode.swift; path = AppDelegate.swift; sourceTree = "<group>"; };
		C8E4D85E225CC48B00C69682 /* EntryView.swift */ = {isa = PBXFileReference; lastKnownFileType = sourcecode.swift; path = EntryView.swift; sourceTree = "<group>"; };
		C8E4D861225CC48B00C69682 /* Base */ = {isa = PBXFileReference; lastKnownFileType = file.storyboard; name = Base; path = Base.lproj/Main.storyboard; sourceTree = "<group>"; };
		C8E4D864225CC48B00C69682 /* iJustSpent.xcdatamodel */ = {isa = PBXFileReference; lastKnownFileType = wrapper.xcdatamodel; path = iJustSpent.xcdatamodel; sourceTree = "<group>"; };
		C8E4D866225CC48F00C69682 /* Assets.xcassets */ = {isa = PBXFileReference; lastKnownFileType = folder.assetcatalog; path = Assets.xcassets; sourceTree = "<group>"; };
		C8E4D869225CC48F00C69682 /* Base */ = {isa = PBXFileReference; lastKnownFileType = file.storyboard; name = Base; path = Base.lproj/LaunchScreen.storyboard; sourceTree = "<group>"; };
		C8E4D86B225CC48F00C69682 /* Info.plist */ = {isa = PBXFileReference; lastKnownFileType = text.plist.xml; path = Info.plist; sourceTree = "<group>"; };
		C8E4D870225CC48F00C69682 /* iJustSpentTests.xctest */ = {isa = PBXFileReference; explicitFileType = wrapper.cfbundle; includeInIndex = 0; path = iJustSpentTests.xctest; sourceTree = BUILT_PRODUCTS_DIR; };
		C8E4D874225CC48F00C69682 /* dataStoreTests.swift */ = {isa = PBXFileReference; lastKnownFileType = sourcecode.swift; path = dataStoreTests.swift; sourceTree = "<group>"; };
		C8E4D876225CC48F00C69682 /* Info.plist */ = {isa = PBXFileReference; lastKnownFileType = text.plist.xml; path = Info.plist; sourceTree = "<group>"; };
		C8E4D87B225CC48F00C69682 /* iJustSpentUITests.xctest */ = {isa = PBXFileReference; explicitFileType = wrapper.cfbundle; includeInIndex = 0; path = iJustSpentUITests.xctest; sourceTree = BUILT_PRODUCTS_DIR; };
		C8E4D87F225CC48F00C69682 /* iJustSpentUITests.swift */ = {isa = PBXFileReference; lastKnownFileType = sourcecode.swift; path = iJustSpentUITests.swift; sourceTree = "<group>"; };
		C8E4D881225CC48F00C69682 /* Info.plist */ = {isa = PBXFileReference; lastKnownFileType = text.plist.xml; path = Info.plist; sourceTree = "<group>"; };
		C8E4D88D225CDBEA00C69682 /* InputCell.swift */ = {isa = PBXFileReference; lastKnownFileType = sourcecode.swift; path = InputCell.swift; sourceTree = "<group>"; };
		D35D0B206E9D75481348DEF7 /* Pods-iJustSpentTests.debug.xcconfig */ = {isa = PBXFileReference; includeInIndex = 1; lastKnownFileType = text.xcconfig; name = "Pods-iJustSpentTests.debug.xcconfig"; path = "Pods/Target Support Files/Pods-iJustSpentTests/Pods-iJustSpentTests.debug.xcconfig"; sourceTree = "<group>"; };
		D46B9BC8C36E9180704B3026 /* Pods_iJustSpent.framework */ = {isa = PBXFileReference; explicitFileType = wrapper.framework; includeInIndex = 0; path = Pods_iJustSpent.framework; sourceTree = BUILT_PRODUCTS_DIR; };
		DFFAC53E76DB2FB5B2BA9817 /* Pods-iJustSpent.debug.xcconfig */ = {isa = PBXFileReference; includeInIndex = 1; lastKnownFileType = text.xcconfig; name = "Pods-iJustSpent.debug.xcconfig"; path = "Pods/Target Support Files/Pods-iJustSpent/Pods-iJustSpent.debug.xcconfig"; sourceTree = "<group>"; };
		F645F351F5020195871A071E /* Pods_iJustSpentTests.framework */ = {isa = PBXFileReference; explicitFileType = wrapper.framework; includeInIndex = 0; path = Pods_iJustSpentTests.framework; sourceTree = BUILT_PRODUCTS_DIR; };
/* End PBXFileReference section */

/* Begin PBXFrameworksBuildPhase section */
		C8E4D856225CC48B00C69682 /* Frameworks */ = {
			isa = PBXFrameworksBuildPhase;
			buildActionMask = 2147483647;
			files = (
				A6F55F5600921EF643EF8413 /* Pods_iJustSpent.framework in Frameworks */,
			);
			runOnlyForDeploymentPostprocessing = 0;
		};
		C8E4D86D225CC48F00C69682 /* Frameworks */ = {
			isa = PBXFrameworksBuildPhase;
			buildActionMask = 2147483647;
			files = (
				1C4A6A970960BC2659C2657B /* Pods_iJustSpentTests.framework in Frameworks */,
			);
			runOnlyForDeploymentPostprocessing = 0;
		};
		C8E4D878225CC48F00C69682 /* Frameworks */ = {
			isa = PBXFrameworksBuildPhase;
			buildActionMask = 2147483647;
			files = (
			);
			runOnlyForDeploymentPostprocessing = 0;
		};
/* End PBXFrameworksBuildPhase section */

/* Begin PBXGroup section */
		43A4B3C773DE5ACD22862563 /* Frameworks */ = {
			isa = PBXGroup;
			children = (
				D46B9BC8C36E9180704B3026 /* Pods_iJustSpent.framework */,
				F645F351F5020195871A071E /* Pods_iJustSpentTests.framework */,
			);
			name = Frameworks;
			sourceTree = "<group>";
		};
		C1130B20CD6DD309E36997E5 /* Pods */ = {
			isa = PBXGroup;
			children = (
				DFFAC53E76DB2FB5B2BA9817 /* Pods-iJustSpent.debug.xcconfig */,
				8177AE74647544BC6F1DAB7F /* Pods-iJustSpent.release.xcconfig */,
				D35D0B206E9D75481348DEF7 /* Pods-iJustSpentTests.debug.xcconfig */,
				4E0EA09423C1C847343D7310 /* Pods-iJustSpentTests.release.xcconfig */,
			);
			name = Pods;
			sourceTree = "<group>";
		};
		C8E4D850225CC48B00C69682 = {
			isa = PBXGroup;
			children = (
				C8E4D85B225CC48B00C69682 /* iJustSpent */,
				C8E4D873225CC48F00C69682 /* iJustSpentTests */,
				C8E4D87E225CC48F00C69682 /* iJustSpentUITests */,
				C8E4D85A225CC48B00C69682 /* Products */,
				C1130B20CD6DD309E36997E5 /* Pods */,
				43A4B3C773DE5ACD22862563 /* Frameworks */,
			);
			sourceTree = "<group>";
		};
		C8E4D85A225CC48B00C69682 /* Products */ = {
			isa = PBXGroup;
			children = (
				C8E4D859225CC48B00C69682 /* iJustSpent.app */,
				C8E4D870225CC48F00C69682 /* iJustSpentTests.xctest */,
				C8E4D87B225CC48F00C69682 /* iJustSpentUITests.xctest */,
			);
			name = Products;
			sourceTree = "<group>";
		};
		C8E4D85B225CC48B00C69682 /* iJustSpent */ = {
			isa = PBXGroup;
			children = (
				C894F3112270B92F00D357CF /* RxSwiftPlayground.playground */,
				C8E4D85C225CC48B00C69682 /* AppDelegate.swift */,
				C863C24722738AAD00A6555E /* Errors.swift */,
				C8E4D85E225CC48B00C69682 /* EntryView.swift */,
				C894F3122271EA5700D357CF /* EntryController.swift */,
				C897BE0822663B9700296B1F /* DataStore.swift */,
				C897EBC92268AE0D00628B7E /* HistoryView.swift */,
				C863C24322733AFD00A6555E /* HistoryController.swift */,
				C8E4D860225CC48B00C69682 /* Main.storyboard */,
				C8E4D866225CC48F00C69682 /* Assets.xcassets */,
				C8E4D868225CC48F00C69682 /* LaunchScreen.storyboard */,
				C8E4D86B225CC48F00C69682 /* Info.plist */,
				C8E4D863225CC48B00C69682 /* iJustSpent.xcdatamodeld */,
				C8E4D88D225CDBEA00C69682 /* InputCell.swift */,
				C897BE062266301300296B1F /* Notes.rtf */,
				C856811722748C8A00FEA8E3 /* HistoryTableViewCell2.swift */,
				C81F15D922807AF000DF5CEE /* CombinedViewController.swift */,
				C81F15DB22807C4E00DF5CEE /* PickerViewViewAdapter.swift */,
				C86D49802281DD2F007E2C9D /* CombinedTableViewCell.swift */,
				C89B3CF42282E9670009C60E /* spendStore.swift */,
			);
			path = iJustSpent;
			sourceTree = "<group>";
		};
		C8E4D873225CC48F00C69682 /* iJustSpentTests */ = {
			isa = PBXGroup;
			children = (
				C8E4D874225CC48F00C69682 /* dataStoreTests.swift */,
				C8E4D876225CC48F00C69682 /* Info.plist */,
			);
			path = iJustSpentTests;
			sourceTree = "<group>";
		};
		C8E4D87E225CC48F00C69682 /* iJustSpentUITests */ = {
			isa = PBXGroup;
			children = (
				C8E4D87F225CC48F00C69682 /* iJustSpentUITests.swift */,
				C8E4D881225CC48F00C69682 /* Info.plist */,
			);
			path = iJustSpentUITests;
			sourceTree = "<group>";
		};
/* End PBXGroup section */

/* Begin PBXNativeTarget section */
		C8E4D858225CC48B00C69682 /* iJustSpent */ = {
			isa = PBXNativeTarget;
			buildConfigurationList = C8E4D884225CC48F00C69682 /* Build configuration list for PBXNativeTarget "iJustSpent" */;
			buildPhases = (
				CFEA96019BC3261CAF33580C /* [CP] Check Pods Manifest.lock */,
				C8E4D855225CC48B00C69682 /* Sources */,
				C8E4D856225CC48B00C69682 /* Frameworks */,
				C8E4D857225CC48B00C69682 /* Resources */,
				D3E4E51BF574E508169FD2E7 /* [CP] Embed Pods Frameworks */,
			);
			buildRules = (
			);
			dependencies = (
			);
			name = iJustSpent;
			productName = iJustSpent;
			productReference = C8E4D859225CC48B00C69682 /* iJustSpent.app */;
			productType = "com.apple.product-type.application";
		};
		C8E4D86F225CC48F00C69682 /* iJustSpentTests */ = {
			isa = PBXNativeTarget;
			buildConfigurationList = C8E4D887225CC48F00C69682 /* Build configuration list for PBXNativeTarget "iJustSpentTests" */;
			buildPhases = (
				3ACB9A9B02D821153FC2F349 /* [CP] Check Pods Manifest.lock */,
				C8E4D86C225CC48F00C69682 /* Sources */,
				C8E4D86D225CC48F00C69682 /* Frameworks */,
				C8E4D86E225CC48F00C69682 /* Resources */,
				07EB8DF23B8268BB86414613 /* [CP] Embed Pods Frameworks */,
			);
			buildRules = (
			);
			dependencies = (
				C8E4D872225CC48F00C69682 /* PBXTargetDependency */,
			);
			name = iJustSpentTests;
			productName = iJustSpentTests;
			productReference = C8E4D870225CC48F00C69682 /* iJustSpentTests.xctest */;
			productType = "com.apple.product-type.bundle.unit-test";
		};
		C8E4D87A225CC48F00C69682 /* iJustSpentUITests */ = {
			isa = PBXNativeTarget;
			buildConfigurationList = C8E4D88A225CC48F00C69682 /* Build configuration list for PBXNativeTarget "iJustSpentUITests" */;
			buildPhases = (
				C8E4D877225CC48F00C69682 /* Sources */,
				C8E4D878225CC48F00C69682 /* Frameworks */,
				C8E4D879225CC48F00C69682 /* Resources */,
			);
			buildRules = (
			);
			dependencies = (
				C8E4D87D225CC48F00C69682 /* PBXTargetDependency */,
			);
			name = iJustSpentUITests;
			productName = iJustSpentUITests;
			productReference = C8E4D87B225CC48F00C69682 /* iJustSpentUITests.xctest */;
			productType = "com.apple.product-type.bundle.ui-testing";
		};
/* End PBXNativeTarget section */

/* Begin PBXProject section */
		C8E4D851225CC48B00C69682 /* Project object */ = {
			isa = PBXProject;
			attributes = {
				LastSwiftUpdateCheck = 1020;
				LastUpgradeCheck = 1020;
				ORGANIZATIONNAME = "David New";
				TargetAttributes = {
					C8E4D858225CC48B00C69682 = {
						CreatedOnToolsVersion = 10.2;
					};
					C8E4D86F225CC48F00C69682 = {
						CreatedOnToolsVersion = 10.2;
						TestTargetID = C8E4D858225CC48B00C69682;
					};
					C8E4D87A225CC48F00C69682 = {
						CreatedOnToolsVersion = 10.2;
						TestTargetID = C8E4D858225CC48B00C69682;
					};
				};
			};
			buildConfigurationList = C8E4D854225CC48B00C69682 /* Build configuration list for PBXProject "iJustSpent" */;
			compatibilityVersion = "Xcode 9.3";
			developmentRegion = en;
			hasScannedForEncodings = 0;
			knownRegions = (
				en,
				Base,
			);
			mainGroup = C8E4D850225CC48B00C69682;
			productRefGroup = C8E4D85A225CC48B00C69682 /* Products */;
			projectDirPath = "";
			projectRoot = "";
			targets = (
				C8E4D858225CC48B00C69682 /* iJustSpent */,
				C8E4D86F225CC48F00C69682 /* iJustSpentTests */,
				C8E4D87A225CC48F00C69682 /* iJustSpentUITests */,
			);
		};
/* End PBXProject section */

/* Begin PBXResourcesBuildPhase section */
		C8E4D857225CC48B00C69682 /* Resources */ = {
			isa = PBXResourcesBuildPhase;
			buildActionMask = 2147483647;
			files = (
				C897BE072266301300296B1F /* Notes.rtf in Resources */,
				C8E4D86A225CC48F00C69682 /* LaunchScreen.storyboard in Resources */,
				C8E4D867225CC48F00C69682 /* Assets.xcassets in Resources */,
				C8E4D862225CC48B00C69682 /* Main.storyboard in Resources */,
			);
			runOnlyForDeploymentPostprocessing = 0;
		};
		C8E4D86E225CC48F00C69682 /* Resources */ = {
			isa = PBXResourcesBuildPhase;
			buildActionMask = 2147483647;
			files = (
			);
			runOnlyForDeploymentPostprocessing = 0;
		};
		C8E4D879225CC48F00C69682 /* Resources */ = {
			isa = PBXResourcesBuildPhase;
			buildActionMask = 2147483647;
			files = (
			);
			runOnlyForDeploymentPostprocessing = 0;
		};
/* End PBXResourcesBuildPhase section */

/* Begin PBXShellScriptBuildPhase section */
		07EB8DF23B8268BB86414613 /* [CP] Embed Pods Frameworks */ = {
			isa = PBXShellScriptBuildPhase;
			buildActionMask = 2147483647;
			files = (
			);
			inputFileListPaths = (
			);
			inputPaths = (
				"${SRCROOT}/Pods/Target Support Files/Pods-iJustSpentTests/Pods-iJustSpentTests-frameworks.sh",
				"${BUILT_PRODUCTS_DIR}/RxCocoa-iOS12.2/RxCocoa.framework",
				"${BUILT_PRODUCTS_DIR}/RxSwift-iOS12.2/RxSwift.framework",
			);
			name = "[CP] Embed Pods Frameworks";
			outputFileListPaths = (
			);
			outputPaths = (
				"${TARGET_BUILD_DIR}/${FRAMEWORKS_FOLDER_PATH}/RxCocoa.framework",
				"${TARGET_BUILD_DIR}/${FRAMEWORKS_FOLDER_PATH}/RxSwift.framework",
			);
			runOnlyForDeploymentPostprocessing = 0;
			shellPath = /bin/sh;
			shellScript = "\"${SRCROOT}/Pods/Target Support Files/Pods-iJustSpentTests/Pods-iJustSpentTests-frameworks.sh\"\n";
			showEnvVarsInLog = 0;
		};
		3ACB9A9B02D821153FC2F349 /* [CP] Check Pods Manifest.lock */ = {
			isa = PBXShellScriptBuildPhase;
			buildActionMask = 2147483647;
			files = (
			);
			inputFileListPaths = (
			);
			inputPaths = (
				"${PODS_PODFILE_DIR_PATH}/Podfile.lock",
				"${PODS_ROOT}/Manifest.lock",
			);
			name = "[CP] Check Pods Manifest.lock";
			outputFileListPaths = (
			);
			outputPaths = (
				"$(DERIVED_FILE_DIR)/Pods-iJustSpentTests-checkManifestLockResult.txt",
			);
			runOnlyForDeploymentPostprocessing = 0;
			shellPath = /bin/sh;
			shellScript = "diff \"${PODS_PODFILE_DIR_PATH}/Podfile.lock\" \"${PODS_ROOT}/Manifest.lock\" > /dev/null\nif [ $? != 0 ] ; then\n    # print error to STDERR\n    echo \"error: The sandbox is not in sync with the Podfile.lock. Run 'pod install' or update your CocoaPods installation.\" >&2\n    exit 1\nfi\n# This output is used by Xcode 'outputs' to avoid re-running this script phase.\necho \"SUCCESS\" > \"${SCRIPT_OUTPUT_FILE_0}\"\n";
			showEnvVarsInLog = 0;
		};
		CFEA96019BC3261CAF33580C /* [CP] Check Pods Manifest.lock */ = {
			isa = PBXShellScriptBuildPhase;
			buildActionMask = 2147483647;
			files = (
			);
			inputFileListPaths = (
			);
			inputPaths = (
				"${PODS_PODFILE_DIR_PATH}/Podfile.lock",
				"${PODS_ROOT}/Manifest.lock",
			);
			name = "[CP] Check Pods Manifest.lock";
			outputFileListPaths = (
			);
			outputPaths = (
				"$(DERIVED_FILE_DIR)/Pods-iJustSpent-checkManifestLockResult.txt",
			);
			runOnlyForDeploymentPostprocessing = 0;
			shellPath = /bin/sh;
			shellScript = "diff \"${PODS_PODFILE_DIR_PATH}/Podfile.lock\" \"${PODS_ROOT}/Manifest.lock\" > /dev/null\nif [ $? != 0 ] ; then\n    # print error to STDERR\n    echo \"error: The sandbox is not in sync with the Podfile.lock. Run 'pod install' or update your CocoaPods installation.\" >&2\n    exit 1\nfi\n# This output is used by Xcode 'outputs' to avoid re-running this script phase.\necho \"SUCCESS\" > \"${SCRIPT_OUTPUT_FILE_0}\"\n";
			showEnvVarsInLog = 0;
		};
		D3E4E51BF574E508169FD2E7 /* [CP] Embed Pods Frameworks */ = {
			isa = PBXShellScriptBuildPhase;
			buildActionMask = 2147483647;
			files = (
			);
			inputFileListPaths = (
			);
			inputPaths = (
				"${SRCROOT}/Pods/Target Support Files/Pods-iJustSpent/Pods-iJustSpent-frameworks.sh",
				"${BUILT_PRODUCTS_DIR}/RxCocoa-iOS10.0/RxCocoa.framework",
				"${BUILT_PRODUCTS_DIR}/RxSwift-iOS10.0/RxSwift.framework",
			);
			name = "[CP] Embed Pods Frameworks";
			outputFileListPaths = (
			);
			outputPaths = (
				"${TARGET_BUILD_DIR}/${FRAMEWORKS_FOLDER_PATH}/RxCocoa.framework",
				"${TARGET_BUILD_DIR}/${FRAMEWORKS_FOLDER_PATH}/RxSwift.framework",
			);
			runOnlyForDeploymentPostprocessing = 0;
			shellPath = /bin/sh;
			shellScript = "\"${SRCROOT}/Pods/Target Support Files/Pods-iJustSpent/Pods-iJustSpent-frameworks.sh\"\n";
			showEnvVarsInLog = 0;
		};
/* End PBXShellScriptBuildPhase section */

/* Begin PBXSourcesBuildPhase section */
		C8E4D855225CC48B00C69682 /* Sources */ = {
			isa = PBXSourcesBuildPhase;
			buildActionMask = 2147483647;
			files = (
				C897EBCA2268AE0D00628B7E /* HistoryView.swift in Sources */,
				C86D49812281DD2F007E2C9D /* CombinedTableViewCell.swift in Sources */,
				C8E4D865225CC48B00C69682 /* iJustSpent.xcdatamodeld in Sources */,
				C8E4D85F225CC48B00C69682 /* EntryView.swift in Sources */,
				C8E4D88E225CDBEA00C69682 /* InputCell.swift in Sources */,
				C897BE0922663B9700296B1F /* DataStore.swift in Sources */,
				C89B3CF52282E9670009C60E /* spendStore.swift in Sources */,
				C81F15DA22807AF000DF5CEE /* CombinedViewController.swift in Sources */,
				C863C24422733AFD00A6555E /* HistoryController.swift in Sources */,
				C8E4D85D225CC48B00C69682 /* AppDelegate.swift in Sources */,
				C863C24822738AAD00A6555E /* Errors.swift in Sources */,
				C894F3132271EA5800D357CF /* EntryController.swift in Sources */,
				C856811822748C8A00FEA8E3 /* HistoryTableViewCell2.swift in Sources */,
				C81F15DC22807C4E00DF5CEE /* PickerViewViewAdapter.swift in Sources */,
			);
			runOnlyForDeploymentPostprocessing = 0;
		};
		C8E4D86C225CC48F00C69682 /* Sources */ = {
			isa = PBXSourcesBuildPhase;
			buildActionMask = 2147483647;
			files = (
				C8E4D875225CC48F00C69682 /* dataStoreTests.swift in Sources */,
			);
			runOnlyForDeploymentPostprocessing = 0;
		};
		C8E4D877225CC48F00C69682 /* Sources */ = {
			isa = PBXSourcesBuildPhase;
			buildActionMask = 2147483647;
			files = (
				C8E4D880225CC48F00C69682 /* iJustSpentUITests.swift in Sources */,
			);
			runOnlyForDeploymentPostprocessing = 0;
		};
/* End PBXSourcesBuildPhase section */

/* Begin PBXTargetDependency section */
		C8E4D872225CC48F00C69682 /* PBXTargetDependency */ = {
			isa = PBXTargetDependency;
			target = C8E4D858225CC48B00C69682 /* iJustSpent */;
			targetProxy = C8E4D871225CC48F00C69682 /* PBXContainerItemProxy */;
		};
		C8E4D87D225CC48F00C69682 /* PBXTargetDependency */ = {
			isa = PBXTargetDependency;
			target = C8E4D858225CC48B00C69682 /* iJustSpent */;
			targetProxy = C8E4D87C225CC48F00C69682 /* PBXContainerItemProxy */;
		};
/* End PBXTargetDependency section */

/* Begin PBXVariantGroup section */
		C8E4D860225CC48B00C69682 /* Main.storyboard */ = {
			isa = PBXVariantGroup;
			children = (
				C8E4D861225CC48B00C69682 /* Base */,
			);
			name = Main.storyboard;
			sourceTree = "<group>";
		};
		C8E4D868225CC48F00C69682 /* LaunchScreen.storyboard */ = {
			isa = PBXVariantGroup;
			children = (
				C8E4D869225CC48F00C69682 /* Base */,
			);
			name = LaunchScreen.storyboard;
			sourceTree = "<group>";
		};
/* End PBXVariantGroup section */

/* Begin XCBuildConfiguration section */
		C8E4D882225CC48F00C69682 /* Debug */ = {
			isa = XCBuildConfiguration;
			buildSettings = {
				ALWAYS_SEARCH_USER_PATHS = NO;
				CLANG_ANALYZER_NONNULL = YES;
				CLANG_ANALYZER_NUMBER_OBJECT_CONVERSION = YES_AGGRESSIVE;
				CLANG_CXX_LANGUAGE_STANDARD = "gnu++14";
				CLANG_CXX_LIBRARY = "libc++";
				CLANG_ENABLE_MODULES = YES;
				CLANG_ENABLE_OBJC_ARC = YES;
				CLANG_ENABLE_OBJC_WEAK = YES;
				CLANG_WARN_BLOCK_CAPTURE_AUTORELEASING = YES;
				CLANG_WARN_BOOL_CONVERSION = YES;
				CLANG_WARN_COMMA = YES;
				CLANG_WARN_CONSTANT_CONVERSION = YES;
				CLANG_WARN_DEPRECATED_OBJC_IMPLEMENTATIONS = YES;
				CLANG_WARN_DIRECT_OBJC_ISA_USAGE = YES_ERROR;
				CLANG_WARN_DOCUMENTATION_COMMENTS = YES;
				CLANG_WARN_EMPTY_BODY = YES;
				CLANG_WARN_ENUM_CONVERSION = YES;
				CLANG_WARN_INFINITE_RECURSION = YES;
				CLANG_WARN_INT_CONVERSION = YES;
				CLANG_WARN_NON_LITERAL_NULL_CONVERSION = YES;
				CLANG_WARN_OBJC_IMPLICIT_RETAIN_SELF = YES;
				CLANG_WARN_OBJC_LITERAL_CONVERSION = YES;
				CLANG_WARN_OBJC_ROOT_CLASS = YES_ERROR;
				CLANG_WARN_RANGE_LOOP_ANALYSIS = YES;
				CLANG_WARN_STRICT_PROTOTYPES = YES;
				CLANG_WARN_SUSPICIOUS_MOVE = YES;
				CLANG_WARN_UNGUARDED_AVAILABILITY = YES_AGGRESSIVE;
				CLANG_WARN_UNREACHABLE_CODE = YES;
				CLANG_WARN__DUPLICATE_METHOD_MATCH = YES;
				CODE_SIGN_IDENTITY = "iPhone Developer";
				COPY_PHASE_STRIP = NO;
				DEBUG_INFORMATION_FORMAT = dwarf;
				ENABLE_STRICT_OBJC_MSGSEND = YES;
				ENABLE_TESTABILITY = YES;
				GCC_C_LANGUAGE_STANDARD = gnu11;
				GCC_DYNAMIC_NO_PIC = NO;
				GCC_NO_COMMON_BLOCKS = YES;
				GCC_OPTIMIZATION_LEVEL = 0;
				GCC_PREPROCESSOR_DEFINITIONS = (
					"DEBUG=1",
					"$(inherited)",
				);
				GCC_WARN_64_TO_32_BIT_CONVERSION = YES;
				GCC_WARN_ABOUT_RETURN_TYPE = YES_ERROR;
				GCC_WARN_UNDECLARED_SELECTOR = YES;
				GCC_WARN_UNINITIALIZED_AUTOS = YES_AGGRESSIVE;
				GCC_WARN_UNUSED_FUNCTION = YES;
				GCC_WARN_UNUSED_VARIABLE = YES;
				IPHONEOS_DEPLOYMENT_TARGET = 12.2;
				MTL_ENABLE_DEBUG_INFO = INCLUDE_SOURCE;
				MTL_FAST_MATH = YES;
				ONLY_ACTIVE_ARCH = YES;
				SDKROOT = iphoneos;
				SWIFT_ACTIVE_COMPILATION_CONDITIONS = DEBUG;
				SWIFT_OPTIMIZATION_LEVEL = "-Onone";
			};
			name = Debug;
		};
		C8E4D883225CC48F00C69682 /* Release */ = {
			isa = XCBuildConfiguration;
			buildSettings = {
				ALWAYS_SEARCH_USER_PATHS = NO;
				CLANG_ANALYZER_NONNULL = YES;
				CLANG_ANALYZER_NUMBER_OBJECT_CONVERSION = YES_AGGRESSIVE;
				CLANG_CXX_LANGUAGE_STANDARD = "gnu++14";
				CLANG_CXX_LIBRARY = "libc++";
				CLANG_ENABLE_MODULES = YES;
				CLANG_ENABLE_OBJC_ARC = YES;
				CLANG_ENABLE_OBJC_WEAK = YES;
				CLANG_WARN_BLOCK_CAPTURE_AUTORELEASING = YES;
				CLANG_WARN_BOOL_CONVERSION = YES;
				CLANG_WARN_COMMA = YES;
				CLANG_WARN_CONSTANT_CONVERSION = YES;
				CLANG_WARN_DEPRECATED_OBJC_IMPLEMENTATIONS = YES;
				CLANG_WARN_DIRECT_OBJC_ISA_USAGE = YES_ERROR;
				CLANG_WARN_DOCUMENTATION_COMMENTS = YES;
				CLANG_WARN_EMPTY_BODY = YES;
				CLANG_WARN_ENUM_CONVERSION = YES;
				CLANG_WARN_INFINITE_RECURSION = YES;
				CLANG_WARN_INT_CONVERSION = YES;
				CLANG_WARN_NON_LITERAL_NULL_CONVERSION = YES;
				CLANG_WARN_OBJC_IMPLICIT_RETAIN_SELF = YES;
				CLANG_WARN_OBJC_LITERAL_CONVERSION = YES;
				CLANG_WARN_OBJC_ROOT_CLASS = YES_ERROR;
				CLANG_WARN_RANGE_LOOP_ANALYSIS = YES;
				CLANG_WARN_STRICT_PROTOTYPES = YES;
				CLANG_WARN_SUSPICIOUS_MOVE = YES;
				CLANG_WARN_UNGUARDED_AVAILABILITY = YES_AGGRESSIVE;
				CLANG_WARN_UNREACHABLE_CODE = YES;
				CLANG_WARN__DUPLICATE_METHOD_MATCH = YES;
				CODE_SIGN_IDENTITY = "iPhone Developer";
				COPY_PHASE_STRIP = NO;
				DEBUG_INFORMATION_FORMAT = "dwarf-with-dsym";
				ENABLE_NS_ASSERTIONS = NO;
				ENABLE_STRICT_OBJC_MSGSEND = YES;
				GCC_C_LANGUAGE_STANDARD = gnu11;
				GCC_NO_COMMON_BLOCKS = YES;
				GCC_WARN_64_TO_32_BIT_CONVERSION = YES;
				GCC_WARN_ABOUT_RETURN_TYPE = YES_ERROR;
				GCC_WARN_UNDECLARED_SELECTOR = YES;
				GCC_WARN_UNINITIALIZED_AUTOS = YES_AGGRESSIVE;
				GCC_WARN_UNUSED_FUNCTION = YES;
				GCC_WARN_UNUSED_VARIABLE = YES;
				IPHONEOS_DEPLOYMENT_TARGET = 12.2;
				MTL_ENABLE_DEBUG_INFO = NO;
				MTL_FAST_MATH = YES;
				SDKROOT = iphoneos;
				SWIFT_COMPILATION_MODE = wholemodule;
				SWIFT_OPTIMIZATION_LEVEL = "-O";
				VALIDATE_PRODUCT = YES;
			};
			name = Release;
		};
		C8E4D885225CC48F00C69682 /* Debug */ = {
			isa = XCBuildConfiguration;
			baseConfigurationReference = DFFAC53E76DB2FB5B2BA9817 /* Pods-iJustSpent.debug.xcconfig */;
			buildSettings = {
				ASSETCATALOG_COMPILER_APPICON_NAME = AppIcon;
				CODE_SIGN_STYLE = Automatic;
				DEVELOPMENT_TEAM = 64F6S6MS6N;
				INFOPLIST_FILE = iJustSpent/Info.plist;
				IPHONEOS_DEPLOYMENT_TARGET = 10.0;
				LD_RUNPATH_SEARCH_PATHS = (
					"$(inherited)",
					"@executable_path/Frameworks",
				);
				PRODUCT_BUNDLE_IDENTIFIER = com.davidanew.iJustSpent;
				PRODUCT_NAME = "$(TARGET_NAME)";
				SWIFT_VERSION = 5.0;
				TARGETED_DEVICE_FAMILY = 1;
			};
			name = Debug;
		};
		C8E4D886225CC48F00C69682 /* Release */ = {
			isa = XCBuildConfiguration;
			baseConfigurationReference = 8177AE74647544BC6F1DAB7F /* Pods-iJustSpent.release.xcconfig */;
			buildSettings = {
				ASSETCATALOG_COMPILER_APPICON_NAME = AppIcon;
				CODE_SIGN_STYLE = Automatic;
				DEVELOPMENT_TEAM = 64F6S6MS6N;
				INFOPLIST_FILE = iJustSpent/Info.plist;
				IPHONEOS_DEPLOYMENT_TARGET = 10.0;
				LD_RUNPATH_SEARCH_PATHS = (
					"$(inherited)",
					"@executable_path/Frameworks",
				);
				PRODUCT_BUNDLE_IDENTIFIER = com.davidanew.iJustSpent;
				PRODUCT_NAME = "$(TARGET_NAME)";
				SWIFT_VERSION = 5.0;
				TARGETED_DEVICE_FAMILY = 1;
			};
			name = Release;
		};
		C8E4D888225CC48F00C69682 /* Debug */ = {
			isa = XCBuildConfiguration;
			baseConfigurationReference = D35D0B206E9D75481348DEF7 /* Pods-iJustSpentTests.debug.xcconfig */;
			buildSettings = {
				ALWAYS_EMBED_SWIFT_STANDARD_LIBRARIES = YES;
				BUNDLE_LOADER = "$(TEST_HOST)";
				CODE_SIGN_STYLE = Automatic;
				DEVELOPMENT_TEAM = 64F6S6MS6N;
				INFOPLIST_FILE = iJustSpentTests/Info.plist;
				LD_RUNPATH_SEARCH_PATHS = (
					"$(inherited)",
					"@executable_path/Frameworks",
					"@loader_path/Frameworks",
				);
				PRODUCT_BUNDLE_IDENTIFIER = com.davidanew.iJustSpentTests;
				PRODUCT_NAME = "$(TARGET_NAME)";
				SWIFT_VERSION = 5.0;
				TARGETED_DEVICE_FAMILY = "1,2";
				TEST_HOST = "$(BUILT_PRODUCTS_DIR)/iJustSpent.app/iJustSpent";
			};
			name = Debug;
		};
		C8E4D889225CC48F00C69682 /* Release */ = {
			isa = XCBuildConfiguration;
			baseConfigurationReference = 4E0EA09423C1C847343D7310 /* Pods-iJustSpentTests.release.xcconfig */;
			buildSettings = {
				ALWAYS_EMBED_SWIFT_STANDARD_LIBRARIES = YES;
				BUNDLE_LOADER = "$(TEST_HOST)";
				CODE_SIGN_STYLE = Automatic;
				DEVELOPMENT_TEAM = 64F6S6MS6N;
				INFOPLIST_FILE = iJustSpentTests/Info.plist;
				LD_RUNPATH_SEARCH_PATHS = (
					"$(inherited)",
					"@executable_path/Frameworks",
					"@loader_path/Frameworks",
				);
				PRODUCT_BUNDLE_IDENTIFIER = com.davidanew.iJustSpentTests;
				PRODUCT_NAME = "$(TARGET_NAME)";
				SWIFT_VERSION = 5.0;
				TARGETED_DEVICE_FAMILY = "1,2";
				TEST_HOST = "$(BUILT_PRODUCTS_DIR)/iJustSpent.app/iJustSpent";
			};
			name = Release;
		};
		C8E4D88B225CC48F00C69682 /* Debug */ = {
			isa = XCBuildConfiguration;
			buildSettings = {
				ALWAYS_EMBED_SWIFT_STANDARD_LIBRARIES = YES;
				CODE_SIGN_STYLE = Automatic;
				DEVELOPMENT_TEAM = 64F6S6MS6N;
				INFOPLIST_FILE = iJustSpentUITests/Info.plist;
				LD_RUNPATH_SEARCH_PATHS = (
					"$(inherited)",
					"@executable_path/Frameworks",
					"@loader_path/Frameworks",
				);
				PRODUCT_BUNDLE_IDENTIFIER = com.davidanew.iJustSpentUITests;
				PRODUCT_NAME = "$(TARGET_NAME)";
				SWIFT_VERSION = 5.0;
				TARGETED_DEVICE_FAMILY = "1,2";
				TEST_TARGET_NAME = iJustSpent;
			};
			name = Debug;
		};
		C8E4D88C225CC48F00C69682 /* Release */ = {
			isa = XCBuildConfiguration;
			buildSettings = {
				ALWAYS_EMBED_SWIFT_STANDARD_LIBRARIES = YES;
				CODE_SIGN_STYLE = Automatic;
				DEVELOPMENT_TEAM = 64F6S6MS6N;
				INFOPLIST_FILE = iJustSpentUITests/Info.plist;
				LD_RUNPATH_SEARCH_PATHS = (
					"$(inherited)",
					"@executable_path/Frameworks",
					"@loader_path/Frameworks",
				);
				PRODUCT_BUNDLE_IDENTIFIER = com.davidanew.iJustSpentUITests;
				PRODUCT_NAME = "$(TARGET_NAME)";
				SWIFT_VERSION = 5.0;
				TARGETED_DEVICE_FAMILY = "1,2";
				TEST_TARGET_NAME = iJustSpent;
			};
			name = Release;
		};
/* End XCBuildConfiguration section */

/* Begin XCConfigurationList section */
		C8E4D854225CC48B00C69682 /* Build configuration list for PBXProject "iJustSpent" */ = {
			isa = XCConfigurationList;
			buildConfigurations = (
				C8E4D882225CC48F00C69682 /* Debug */,
				C8E4D883225CC48F00C69682 /* Release */,
			);
			defaultConfigurationIsVisible = 0;
			defaultConfigurationName = Release;
		};
		C8E4D884225CC48F00C69682 /* Build configuration list for PBXNativeTarget "iJustSpent" */ = {
			isa = XCConfigurationList;
			buildConfigurations = (
				C8E4D885225CC48F00C69682 /* Debug */,
				C8E4D886225CC48F00C69682 /* Release */,
			);
			defaultConfigurationIsVisible = 0;
			defaultConfigurationName = Release;
		};
		C8E4D887225CC48F00C69682 /* Build configuration list for PBXNativeTarget "iJustSpentTests" */ = {
			isa = XCConfigurationList;
			buildConfigurations = (
				C8E4D888225CC48F00C69682 /* Debug */,
				C8E4D889225CC48F00C69682 /* Release */,
			);
			defaultConfigurationIsVisible = 0;
			defaultConfigurationName = Release;
		};
		C8E4D88A225CC48F00C69682 /* Build configuration list for PBXNativeTarget "iJustSpentUITests" */ = {
			isa = XCConfigurationList;
			buildConfigurations = (
				C8E4D88B225CC48F00C69682 /* Debug */,
				C8E4D88C225CC48F00C69682 /* Release */,
			);
			defaultConfigurationIsVisible = 0;
			defaultConfigurationName = Release;
		};
/* End XCConfigurationList section */

/* Begin XCVersionGroup section */
		C8E4D863225CC48B00C69682 /* iJustSpent.xcdatamodeld */ = {
			isa = XCVersionGroup;
			children = (
				C8E4D864225CC48B00C69682 /* iJustSpent.xcdatamodel */,
			);
			currentVersion = C8E4D864225CC48B00C69682 /* iJustSpent.xcdatamodel */;
			path = iJustSpent.xcdatamodeld;
			sourceTree = "<group>";
			versionGroupType = wrapper.xcdatamodel;
		};
/* End XCVersionGroup section */
	};
	rootObject = C8E4D851225CC48B00C69682 /* Project object */;
}
